// !$*UTF8*$!
{
	archiveVersion = 1;
	classes = {
	};
	objectVersion = 56;
	objects = {

/* Begin PBXBuildFile section */
		047371562DA5E6760078D343 /* RefApp.swift in Sources */ = {isa = PBXBuildFile; fileRef = 047371552DA5E6760078D343 /* RefApp.swift */; };
		0473715A2DA5E6780078D343 /* Assets.xcassets in Resources */ = {isa = PBXBuildFile; fileRef = 047371592DA5E6780078D343 /* Assets.xcassets */; };
		0473715D2DA5E6780078D343 /* Preview Assets.xcassets in Resources */ = {isa = PBXBuildFile; fileRef = 0473715C2DA5E6780078D343 /* Preview Assets.xcassets */; };
		047371752DA5E6A40078D343 /* Model.swift in Sources */ = {isa = PBXBuildFile; fileRef = 047371632DA5E6A40078D343 /* Model.swift */; };
		0473717F2DA5E6A40078D343 /* ViewModel.swift in Sources */ = {isa = PBXBuildFile; fileRef = 0473716F2DA5E6A40078D343 /* ViewModel.swift */; };
		047371802DA5E6A40078D343 /* ViewModelText.swift in Sources */ = {isa = PBXBuildFile; fileRef = 047371702DA5E6A40078D343 /* ViewModelText.swift */; };
		047371842DA5E6D60078D343 /* PresentationsView.swift in Sources */ = {isa = PBXBuildFile; fileRef = 047371832DA5E6D60078D343 /* PresentationsView.swift */; };
		047371862DA5E7570078D343 /* LaunchScreenView.swift in Sources */ = {isa = PBXBuildFile; fileRef = 047371852DA5E7570078D343 /* LaunchScreenView.swift */; };
		047371882DA5E7750078D343 /* AcompanharView.swift in Sources */ = {isa = PBXBuildFile; fileRef = 047371872DA5E7750078D343 /* AcompanharView.swift */; };
		0473718C2DA5E7AC0078D343 /* DescricaoView.swift in Sources */ = {isa = PBXBuildFile; fileRef = 047371892DA5E7AC0078D343 /* DescricaoView.swift */; };
		0473718D2DA5E7AC0078D343 /* TranscricaoView.swift in Sources */ = {isa = PBXBuildFile; fileRef = 0473718A2DA5E7AC0078D343 /* TranscricaoView.swift */; };
		0473718E2DA5E7AC0078D343 /* CriarView.swift in Sources */ = {isa = PBXBuildFile; fileRef = 0473718B2DA5E7AC0078D343 /* CriarView.swift */; };
		047371932DA5EE0F0078D343 /* GravarPalestraView.swift in Sources */ = {isa = PBXBuildFile; fileRef = 047371922DA5EE0F0078D343 /* GravarPalestraView.swift */; };
		A7B536DB2DA738E0002BA451 /* SpeechRecognizerManager.swift in Sources */ = {isa = PBXBuildFile; fileRef = A7B536DA2DA738E0002BA451 /* SpeechRecognizerManager.swift */; };
		A7B536DF2DA74143002BA451 /* ViewModelPDF.swift in Sources */ = {isa = PBXBuildFile; fileRef = A7B536DE2DA74143002BA451 /* ViewModelPDF.swift */; };
		A7B536E12DA7416D002BA451 /* PDFTextManager.swift in Sources */ = {isa = PBXBuildFile; fileRef = A7B536E02DA7416D002BA451 /* PDFTextManager.swift */; };
/* End PBXBuildFile section */

/* Begin PBXFileReference section */
		047371522DA5E6760078D343 /* Ref.app */ = {isa = PBXFileReference; explicitFileType = wrapper.application; includeInIndex = 0; path = Ref.app; sourceTree = BUILT_PRODUCTS_DIR; };
		047371552DA5E6760078D343 /* RefApp.swift */ = {isa = PBXFileReference; lastKnownFileType = sourcecode.swift; path = RefApp.swift; sourceTree = "<group>"; };
		047371592DA5E6780078D343 /* Assets.xcassets */ = {isa = PBXFileReference; lastKnownFileType = folder.assetcatalog; path = Assets.xcassets; sourceTree = "<group>"; };
		0473715C2DA5E6780078D343 /* Preview Assets.xcassets */ = {isa = PBXFileReference; lastKnownFileType = folder.assetcatalog; path = "Preview Assets.xcassets"; sourceTree = "<group>"; };
		047371632DA5E6A40078D343 /* Model.swift */ = {isa = PBXFileReference; fileEncoding = 4; lastKnownFileType = sourcecode.swift; path = Model.swift; sourceTree = "<group>"; };
		0473716F2DA5E6A40078D343 /* ViewModel.swift */ = {isa = PBXFileReference; fileEncoding = 4; lastKnownFileType = sourcecode.swift; path = ViewModel.swift; sourceTree = "<group>"; };
		047371702DA5E6A40078D343 /* ViewModelText.swift */ = {isa = PBXFileReference; fileEncoding = 4; lastKnownFileType = sourcecode.swift; path = ViewModelText.swift; sourceTree = "<group>"; };
		047371832DA5E6D60078D343 /* PresentationsView.swift */ = {isa = PBXFileReference; lastKnownFileType = sourcecode.swift; path = PresentationsView.swift; sourceTree = "<group>"; };
		047371852DA5E7570078D343 /* LaunchScreenView.swift */ = {isa = PBXFileReference; lastKnownFileType = sourcecode.swift; path = LaunchScreenView.swift; sourceTree = "<group>"; };
		047371872DA5E7750078D343 /* AcompanharView.swift */ = {isa = PBXFileReference; lastKnownFileType = sourcecode.swift; path = AcompanharView.swift; sourceTree = "<group>"; };
		047371892DA5E7AC0078D343 /* DescricaoView.swift */ = {isa = PBXFileReference; fileEncoding = 4; lastKnownFileType = sourcecode.swift; path = DescricaoView.swift; sourceTree = "<group>"; };
		0473718A2DA5E7AC0078D343 /* TranscricaoView.swift */ = {isa = PBXFileReference; fileEncoding = 4; lastKnownFileType = sourcecode.swift; path = TranscricaoView.swift; sourceTree = "<group>"; };
		0473718B2DA5E7AC0078D343 /* CriarView.swift */ = {isa = PBXFileReference; fileEncoding = 4; lastKnownFileType = sourcecode.swift; path = CriarView.swift; sourceTree = "<group>"; };
		047371922DA5EE0F0078D343 /* GravarPalestraView.swift */ = {isa = PBXFileReference; fileEncoding = 4; lastKnownFileType = sourcecode.swift; path = GravarPalestraView.swift; sourceTree = "<group>"; };
		A7B536DA2DA738E0002BA451 /* SpeechRecognizerManager.swift */ = {isa = PBXFileReference; lastKnownFileType = sourcecode.swift; path = SpeechRecognizerManager.swift; sourceTree = "<group>"; };
		A7B536DC2DA7392B002BA451 /* Info.plist */ = {isa = PBXFileReference; lastKnownFileType = text.plist.xml; path = Info.plist; sourceTree = "<group>"; };
		A7B536DE2DA74143002BA451 /* ViewModelPDF.swift */ = {isa = PBXFileReference; lastKnownFileType = sourcecode.swift; path = ViewModelPDF.swift; sourceTree = "<group>"; };
		A7B536E02DA7416D002BA451 /* PDFTextManager.swift */ = {isa = PBXFileReference; lastKnownFileType = sourcecode.swift; path = PDFTextManager.swift; sourceTree = "<group>"; };
/* End PBXFileReference section */

/* Begin PBXFrameworksBuildPhase section */
		0473714F2DA5E6760078D343 /* Frameworks */ = {
			isa = PBXFrameworksBuildPhase;
			buildActionMask = 2147483647;
			files = (
			);
			runOnlyForDeploymentPostprocessing = 0;
		};
/* End PBXFrameworksBuildPhase section */

/* Begin PBXGroup section */
		047371492DA5E6760078D343 = {
			isa = PBXGroup;
			children = (
				047371542DA5E6760078D343 /* Ref */,
				047371532DA5E6760078D343 /* Products */,
			);
			sourceTree = "<group>";
		};
		047371532DA5E6760078D343 /* Products */ = {
			isa = PBXGroup;
			children = (
				047371522DA5E6760078D343 /* Ref.app */,
			);
			name = Products;
			sourceTree = "<group>";
		};
		047371542DA5E6760078D343 /* Ref */ = {
			isa = PBXGroup;
			children = (
				0473718F2DA5E7BA0078D343 /* View */,
				047371712DA5E6A40078D343 /* ViewModel */,
				047371642DA5E6A40078D343 /* Model */,
				047371552DA5E6760078D343 /* RefApp.swift */,
				047371592DA5E6780078D343 /* Assets.xcassets */,
				0473715B2DA5E6780078D343 /* Preview Content */,
				A7B536DC2DA7392B002BA451 /* Info.plist */,
			);
			path = Ref;
			sourceTree = "<group>";
		};
		0473715B2DA5E6780078D343 /* Preview Content */ = {
			isa = PBXGroup;
			children = (
				0473715C2DA5E6780078D343 /* Preview Assets.xcassets */,
			);
			path = "Preview Content";
			sourceTree = "<group>";
		};
		047371642DA5E6A40078D343 /* Model */ = {
			isa = PBXGroup;
			children = (
				047371632DA5E6A40078D343 /* Model.swift */,
				A7B536DA2DA738E0002BA451 /* SpeechRecognizerManager.swift */,
				A7B536E02DA7416D002BA451 /* PDFTextManager.swift */,
			);
			path = Model;
			sourceTree = "<group>";
		};
		047371712DA5E6A40078D343 /* ViewModel */ = {
			isa = PBXGroup;
			children = (
				0473716F2DA5E6A40078D343 /* ViewModel.swift */,
				047371702DA5E6A40078D343 /* ViewModelText.swift */,
				A7B536DE2DA74143002BA451 /* ViewModelPDF.swift */,
			);
			path = ViewModel;
			sourceTree = "<group>";
		};
		0473718F2DA5E7BA0078D343 /* View */ = {
			isa = PBXGroup;
			children = (
				047371872DA5E7750078D343 /* AcompanharView.swift */,
				047371832DA5E6D60078D343 /* PresentationsView.swift */,
				047371852DA5E7570078D343 /* LaunchScreenView.swift */,
				0473718B2DA5E7AC0078D343 /* CriarView.swift */,
				047371892DA5E7AC0078D343 /* DescricaoView.swift */,
				047371922DA5EE0F0078D343 /* GravarPalestraView.swift */,
				0473718A2DA5E7AC0078D343 /* TranscricaoView.swift */,
			);
			path = View;
			sourceTree = "<group>";
		};
/* End PBXGroup section */

/* Begin PBXNativeTarget section */
		047371512DA5E6760078D343 /* Ref */ = {
			isa = PBXNativeTarget;
			buildConfigurationList = 047371602DA5E6780078D343 /* Build configuration list for PBXNativeTarget "Ref" */;
			buildPhases = (
				0473714E2DA5E6760078D343 /* Sources */,
				0473714F2DA5E6760078D343 /* Frameworks */,
				047371502DA5E6760078D343 /* Resources */,
			);
			buildRules = (
			);
			dependencies = (
			);
			name = Ref;
			productName = Ref;
			productReference = 047371522DA5E6760078D343 /* Ref.app */;
			productType = "com.apple.product-type.application";
		};
/* End PBXNativeTarget section */

/* Begin PBXProject section */
		0473714A2DA5E6760078D343 /* Project object */ = {
			isa = PBXProject;
			attributes = {
				BuildIndependentTargetsInParallel = 1;
				LastSwiftUpdateCheck = 1540;
				LastUpgradeCheck = 1540;
				TargetAttributes = {
					047371512DA5E6760078D343 = {
						CreatedOnToolsVersion = 15.4;
					};
				};
			};
			buildConfigurationList = 0473714D2DA5E6760078D343 /* Build configuration list for PBXProject "Ref" */;
			compatibilityVersion = "Xcode 14.0";
			developmentRegion = en;
			hasScannedForEncodings = 0;
			knownRegions = (
				en,
				Base,
			);
			mainGroup = 047371492DA5E6760078D343;
			productRefGroup = 047371532DA5E6760078D343 /* Products */;
			projectDirPath = "";
			projectRoot = "";
			targets = (
				047371512DA5E6760078D343 /* Ref */,
			);
		};
/* End PBXProject section */

/* Begin PBXResourcesBuildPhase section */
		047371502DA5E6760078D343 /* Resources */ = {
			isa = PBXResourcesBuildPhase;
			buildActionMask = 2147483647;
			files = (
				0473715D2DA5E6780078D343 /* Preview Assets.xcassets in Resources */,
				0473715A2DA5E6780078D343 /* Assets.xcassets in Resources */,
			);
			runOnlyForDeploymentPostprocessing = 0;
		};
/* End PBXResourcesBuildPhase section */

/* Begin PBXSourcesBuildPhase section */
		0473714E2DA5E6760078D343 /* Sources */ = {
			isa = PBXSourcesBuildPhase;
			buildActionMask = 2147483647;
			files = (
				047371752DA5E6A40078D343 /* Model.swift in Sources */,
				A7B536E12DA7416D002BA451 /* PDFTextManager.swift in Sources */,
				047371932DA5EE0F0078D343 /* GravarPalestraView.swift in Sources */,
				0473718E2DA5E7AC0078D343 /* CriarView.swift in Sources */,
				A7B536DB2DA738E0002BA451 /* SpeechRecognizerManager.swift in Sources */,
				047371882DA5E7750078D343 /* AcompanharView.swift in Sources */,
				0473717F2DA5E6A40078D343 /* ViewModel.swift in Sources */,
				0473718C2DA5E7AC0078D343 /* DescricaoView.swift in Sources */,
				047371862DA5E7570078D343 /* LaunchScreenView.swift in Sources */,
				A7B536DF2DA74143002BA451 /* ViewModelPDF.swift in Sources */,
				047371562DA5E6760078D343 /* RefApp.swift in Sources */,
				047371842DA5E6D60078D343 /* PresentationsView.swift in Sources */,
				0473718D2DA5E7AC0078D343 /* TranscricaoView.swift in Sources */,
				047371802DA5E6A40078D343 /* ViewModelText.swift in Sources */,
			);
			runOnlyForDeploymentPostprocessing = 0;
		};
/* End PBXSourcesBuildPhase section */

/* Begin XCBuildConfiguration section */
		0473715E2DA5E6780078D343 /* Debug */ = {
			isa = XCBuildConfiguration;
			buildSettings = {
				ALWAYS_SEARCH_USER_PATHS = NO;
				ASSETCATALOG_COMPILER_GENERATE_SWIFT_ASSET_SYMBOL_EXTENSIONS = YES;
				CLANG_ANALYZER_NONNULL = YES;
				CLANG_ANALYZER_NUMBER_OBJECT_CONVERSION = YES_AGGRESSIVE;
				CLANG_CXX_LANGUAGE_STANDARD = "gnu++20";
				CLANG_ENABLE_MODULES = YES;
				CLANG_ENABLE_OBJC_ARC = YES;
				CLANG_ENABLE_OBJC_WEAK = YES;
				CLANG_WARN_BLOCK_CAPTURE_AUTORELEASING = YES;
				CLANG_WARN_BOOL_CONVERSION = YES;
				CLANG_WARN_COMMA = YES;
				CLANG_WARN_CONSTANT_CONVERSION = YES;
				CLANG_WARN_DEPRECATED_OBJC_IMPLEMENTATIONS = YES;
				CLANG_WARN_DIRECT_OBJC_ISA_USAGE = YES_ERROR;
				CLANG_WARN_DOCUMENTATION_COMMENTS = YES;
				CLANG_WARN_EMPTY_BODY = YES;
				CLANG_WARN_ENUM_CONVERSION = YES;
				CLANG_WARN_INFINITE_RECURSION = YES;
				CLANG_WARN_INT_CONVERSION = YES;
				CLANG_WARN_NON_LITERAL_NULL_CONVERSION = YES;
				CLANG_WARN_OBJC_IMPLICIT_RETAIN_SELF = YES;
				CLANG_WARN_OBJC_LITERAL_CONVERSION = YES;
				CLANG_WARN_OBJC_ROOT_CLASS = YES_ERROR;
				CLANG_WARN_QUOTED_INCLUDE_IN_FRAMEWORK_HEADER = YES;
				CLANG_WARN_RANGE_LOOP_ANALYSIS = YES;
				CLANG_WARN_STRICT_PROTOTYPES = YES;
				CLANG_WARN_SUSPICIOUS_MOVE = YES;
				CLANG_WARN_UNGUARDED_AVAILABILITY = YES_AGGRESSIVE;
				CLANG_WARN_UNREACHABLE_CODE = YES;
				CLANG_WARN__DUPLICATE_METHOD_MATCH = YES;
				COPY_PHASE_STRIP = NO;
				DEBUG_INFORMATION_FORMAT = dwarf;
				ENABLE_STRICT_OBJC_MSGSEND = YES;
				ENABLE_TESTABILITY = YES;
				ENABLE_USER_SCRIPT_SANDBOXING = YES;
				GCC_C_LANGUAGE_STANDARD = gnu17;
				GCC_DYNAMIC_NO_PIC = NO;
				GCC_NO_COMMON_BLOCKS = YES;
				GCC_OPTIMIZATION_LEVEL = 0;
				GCC_PREPROCESSOR_DEFINITIONS = (
					"DEBUG=1",
					"$(inherited)",
				);
				GCC_WARN_64_TO_32_BIT_CONVERSION = YES;
				GCC_WARN_ABOUT_RETURN_TYPE = YES_ERROR;
				GCC_WARN_UNDECLARED_SELECTOR = YES;
				GCC_WARN_UNINITIALIZED_AUTOS = YES_AGGRESSIVE;
				GCC_WARN_UNUSED_FUNCTION = YES;
				GCC_WARN_UNUSED_VARIABLE = YES;
				IPHONEOS_DEPLOYMENT_TARGET = 17.5;
				LOCALIZATION_PREFERS_STRING_CATALOGS = YES;
				MTL_ENABLE_DEBUG_INFO = INCLUDE_SOURCE;
				MTL_FAST_MATH = YES;
				ONLY_ACTIVE_ARCH = YES;
				SDKROOT = iphoneos;
				SWIFT_ACTIVE_COMPILATION_CONDITIONS = "DEBUG $(inherited)";
				SWIFT_OPTIMIZATION_LEVEL = "-Onone";
			};
			name = Debug;
		};
		0473715F2DA5E6780078D343 /* Release */ = {
			isa = XCBuildConfiguration;
			buildSettings = {
				ALWAYS_SEARCH_USER_PATHS = NO;
				ASSETCATALOG_COMPILER_GENERATE_SWIFT_ASSET_SYMBOL_EXTENSIONS = YES;
				CLANG_ANALYZER_NONNULL = YES;
				CLANG_ANALYZER_NUMBER_OBJECT_CONVERSION = YES_AGGRESSIVE;
				CLANG_CXX_LANGUAGE_STANDARD = "gnu++20";
				CLANG_ENABLE_MODULES = YES;
				CLANG_ENABLE_OBJC_ARC = YES;
				CLANG_ENABLE_OBJC_WEAK = YES;
				CLANG_WARN_BLOCK_CAPTURE_AUTORELEASING = YES;
				CLANG_WARN_BOOL_CONVERSION = YES;
				CLANG_WARN_COMMA = YES;
				CLANG_WARN_CONSTANT_CONVERSION = YES;
				CLANG_WARN_DEPRECATED_OBJC_IMPLEMENTATIONS = YES;
				CLANG_WARN_DIRECT_OBJC_ISA_USAGE = YES_ERROR;
				CLANG_WARN_DOCUMENTATION_COMMENTS = YES;
				CLANG_WARN_EMPTY_BODY = YES;
				CLANG_WARN_ENUM_CONVERSION = YES;
				CLANG_WARN_INFINITE_RECURSION = YES;
				CLANG_WARN_INT_CONVERSION = YES;
				CLANG_WARN_NON_LITERAL_NULL_CONVERSION = YES;
				CLANG_WARN_OBJC_IMPLICIT_RETAIN_SELF = YES;
				CLANG_WARN_OBJC_LITERAL_CONVERSION = YES;
				CLANG_WARN_OBJC_ROOT_CLASS = YES_ERROR;
				CLANG_WARN_QUOTED_INCLUDE_IN_FRAMEWORK_HEADER = YES;
				CLANG_WARN_RANGE_LOOP_ANALYSIS = YES;
				CLANG_WARN_STRICT_PROTOTYPES = YES;
				CLANG_WARN_SUSPICIOUS_MOVE = YES;
				CLANG_WARN_UNGUARDED_AVAILABILITY = YES_AGGRESSIVE;
				CLANG_WARN_UNREACHABLE_CODE = YES;
				CLANG_WARN__DUPLICATE_METHOD_MATCH = YES;
				COPY_PHASE_STRIP = NO;
				DEBUG_INFORMATION_FORMAT = "dwarf-with-dsym";
				ENABLE_NS_ASSERTIONS = NO;
				ENABLE_STRICT_OBJC_MSGSEND = YES;
				ENABLE_USER_SCRIPT_SANDBOXING = YES;
				GCC_C_LANGUAGE_STANDARD = gnu17;
				GCC_NO_COMMON_BLOCKS = YES;
				GCC_WARN_64_TO_32_BIT_CONVERSION = YES;
				GCC_WARN_ABOUT_RETURN_TYPE = YES_ERROR;
				GCC_WARN_UNDECLARED_SELECTOR = YES;
				GCC_WARN_UNINITIALIZED_AUTOS = YES_AGGRESSIVE;
				GCC_WARN_UNUSED_FUNCTION = YES;
				GCC_WARN_UNUSED_VARIABLE = YES;
				IPHONEOS_DEPLOYMENT_TARGET = 17.5;
				LOCALIZATION_PREFERS_STRING_CATALOGS = YES;
				MTL_ENABLE_DEBUG_INFO = NO;
				MTL_FAST_MATH = YES;
				SDKROOT = iphoneos;
				SWIFT_COMPILATION_MODE = wholemodule;
				VALIDATE_PRODUCT = YES;
			};
			name = Release;
		};
		047371612DA5E6780078D343 /* Debug */ = {
			isa = XCBuildConfiguration;
			buildSettings = {
				ASSETCATALOG_COMPILER_APPICON_NAME = AppIcon;
				ASSETCATALOG_COMPILER_GLOBAL_ACCENT_COLOR_NAME = AccentColor;
				CODE_SIGN_STYLE = Automatic;
				CURRENT_PROJECT_VERSION = 1;
				DEVELOPMENT_ASSET_PATHS = "\"Ref/Preview Content\"";
				DEVELOPMENT_TEAM = NX87NFHBV2;
				ENABLE_PREVIEWS = YES;
				GENERATE_INFOPLIST_FILE = YES;
				INFOPLIST_FILE = "$(SRCROOT)/Ref/Info.plist";
				INFOPLIST_KEY_UIApplicationSceneManifest_Generation = YES;
				INFOPLIST_KEY_UIApplicationSupportsIndirectInputEvents = YES;
				INFOPLIST_KEY_UILaunchScreen_Generation = YES;
				INFOPLIST_KEY_UISupportedInterfaceOrientations_iPad = "UIInterfaceOrientationPortrait UIInterfaceOrientationPortraitUpsideDown UIInterfaceOrientationLandscapeLeft UIInterfaceOrientationLandscapeRight";
				INFOPLIST_KEY_UISupportedInterfaceOrientations_iPhone = "UIInterfaceOrientationPortrait UIInterfaceOrientationLandscapeLeft UIInterfaceOrientationLandscapeRight";
				LD_RUNPATH_SEARCH_PATHS = (
					"$(inherited)",
					"@executable_path/Frameworks",
				);
				MARKETING_VERSION = 1.0;
				PRODUCT_BUNDLE_IDENTIFIER = andre.Ref;
				PRODUCT_NAME = "$(TARGET_NAME)";
				SWIFT_EMIT_LOC_STRINGS = YES;
				SWIFT_VERSION = 5.0;
				TARGETED_DEVICE_FAMILY = "1,2";
			};
			name = Debug;
		};
		047371622DA5E6780078D343 /* Release */ = {
			isa = XCBuildConfiguration;
			buildSettings = {
				ASSETCATALOG_COMPILER_APPICON_NAME = AppIcon;
				ASSETCATALOG_COMPILER_GLOBAL_ACCENT_COLOR_NAME = AccentColor;
				CODE_SIGN_STYLE = Automatic;
				CURRENT_PROJECT_VERSION = 1;
				DEVELOPMENT_ASSET_PATHS = "\"Ref/Preview Content\"";
				DEVELOPMENT_TEAM = NX87NFHBV2;
				ENABLE_PREVIEWS = YES;
				GENERATE_INFOPLIST_FILE = YES;
				INFOPLIST_FILE = "$(SRCROOT)/Ref/Info.plist";
				INFOPLIST_KEY_UIApplicationSceneManifest_Generation = YES;
				INFOPLIST_KEY_UIApplicationSupportsIndirectInputEvents = YES;
				INFOPLIST_KEY_UILaunchScreen_Generation = YES;
				INFOPLIST_KEY_UISupportedInterfaceOrientations_iPad = "UIInterfaceOrientationPortrait UIInterfaceOrientationPortraitUpsideDown UIInterfaceOrientationLandscapeLeft UIInterfaceOrientationLandscapeRight";
				INFOPLIST_KEY_UISupportedInterfaceOrientations_iPhone = "UIInterfaceOrientationPortrait UIInterfaceOrientationLandscapeLeft UIInterfaceOrientationLandscapeRight";
				LD_RUNPATH_SEARCH_PATHS = (
					"$(inherited)",
					"@executable_path/Frameworks",
				);
				MARKETING_VERSION = 1.0;
				PRODUCT_BUNDLE_IDENTIFIER = andre.Ref;
				PRODUCT_NAME = "$(TARGET_NAME)";
				SWIFT_EMIT_LOC_STRINGS = YES;
				SWIFT_VERSION = 5.0;
				TARGETED_DEVICE_FAMILY = "1,2";
			};
			name = Release;
		};
/* End XCBuildConfiguration section */

/* Begin XCConfigurationList section */
		0473714D2DA5E6760078D343 /* Build configuration list for PBXProject "Ref" */ = {
			isa = XCConfigurationList;
			buildConfigurations = (
				0473715E2DA5E6780078D343 /* Debug */,
				0473715F2DA5E6780078D343 /* Release */,
			);
			defaultConfigurationIsVisible = 0;
			defaultConfigurationName = Release;
		};
		047371602DA5E6780078D343 /* Build configuration list for PBXNativeTarget "Ref" */ = {
			isa = XCConfigurationList;
			buildConfigurations = (
				047371612DA5E6780078D343 /* Debug */,
				047371622DA5E6780078D343 /* Release */,
			);
			defaultConfigurationIsVisible = 0;
			defaultConfigurationName = Release;
		};
/* End XCConfigurationList section */
	};
	rootObject = 0473714A2DA5E6760078D343 /* Project object */;
}
